
Microsoft Visual Studio Solution File, Format Version 12.00
# Visual Studio Version 16
VisualStudioVersion = 16.0.34301.259
MinimumVisualStudioVersion = 10.0.40219.1
Project("{FAE04EC0-301F-11D3-BF4B-00C04F79EFBC}") = "HelloWorld", "HelloWorld\HelloWorld.csproj", "{FD85B0A9-72B9-43FE-A324-79E98B6BEFDD}"
EndProject
Global
	GlobalSection(SolutionConfigurationPlatforms) = preSolution
		Debug|Any CPU = Debug|Any CPU
		Release|Any CPU = Release|Any CPU
	EndGlobalSection
	GlobalSection(ProjectConfigurationPlatforms) = postSolution
		{FD85B0A9-72B9-43FE-A324-79E98B6BEFDD}.Debug|Any CPU.ActiveCfg = Debug|Any CPU
		{FD85B0A9-72B9-43FE-A324-79E98B6BEFDD}.Debug|Any CPU.Build.0 = Debug|Any CPU
		{FD85B0A9-72B9-43FE-A324-79E98B6BEFDD}.Release|Any CPU.ActiveCfg = Release|Any CPU
		{FD85B0A9-72B9-43FE-A324-79E98B6BEFDD}.Release|Any CPU.Build.0 = Release|Any CPU
	EndGlobalSection
	GlobalSection(SolutionProperties) = preSolution
		HideSolutionNode = FALSE
	EndGlobalSection
	GlobalSection(ExtensibilityGlobals) = postSolution
		SolutionGuid = {F8917BAF-F101-478C-B5FC-AFA9D2AC1895}
	EndGlobalSection
EndGlobal
