
Microsoft Visual Studio Solution File, Format Version 12.00
# Visual Studio Version 16
VisualStudioVersion = 16.0.34301.259
MinimumVisualStudioVersion = 10.0.40219.1
Project("{FAE04EC0-301F-11D3-BF4B-00C04F79EFBC}") = "iterationTutoriak", "iterationTutoriak\iterationTutoriak.csproj", "{264829BC-1269-415D-820D-C06AE0C74763}"
EndProject
Global
	GlobalSection(SolutionConfigurationPlatforms) = preSolution
		Debug|Any CPU = Debug|Any CPU
		Release|Any CPU = Release|Any CPU
	EndGlobalSection
	GlobalSection(ProjectConfigurationPlatforms) = postSolution
		{264829BC-1269-415D-820D-C06AE0C74763}.Debug|Any CPU.ActiveCfg = Debug|Any CPU
		{264829BC-1269-415D-820D-C06AE0C74763}.Debug|Any CPU.Build.0 = Debug|Any CPU
		{264829BC-1269-415D-820D-C06AE0C74763}.Release|Any CPU.ActiveCfg = Release|Any CPU
		{264829BC-1269-415D-820D-C06AE0C74763}.Release|Any CPU.Build.0 = Release|Any CPU
	EndGlobalSection
	GlobalSection(SolutionProperties) = preSolution
		HideSolutionNode = FALSE
	EndGlobalSection
	GlobalSection(ExtensibilityGlobals) = postSolution
		SolutionGuid = {B70E094A-AA6A-4EC7-A9B0-15BA2456A507}
	EndGlobalSection
EndGlobal
