
Microsoft Visual Studio Solution File, Format Version 12.00
# Visual Studio Version 16
VisualStudioVersion = 16.0.34301.259
MinimumVisualStudioVersion = 10.0.40219.1
Project("{FAE04EC0-301F-11D3-BF4B-00C04F79EFBC}") = "ExceptionHandling", "ExceptionHandling\ExceptionHandling.csproj", "{0B57AF1E-A975-4651-BB19-39DE84D3EDF8}"
EndProject
Global
	GlobalSection(SolutionConfigurationPlatforms) = preSolution
		Debug|Any CPU = Debug|Any CPU
		Release|Any CPU = Release|Any CPU
	EndGlobalSection
	GlobalSection(ProjectConfigurationPlatforms) = postSolution
		{0B57AF1E-A975-4651-BB19-39DE84D3EDF8}.Debug|Any CPU.ActiveCfg = Debug|Any CPU
		{0B57AF1E-A975-4651-BB19-39DE84D3EDF8}.Debug|Any CPU.Build.0 = Debug|Any CPU
		{0B57AF1E-A975-4651-BB19-39DE84D3EDF8}.Release|Any CPU.ActiveCfg = Release|Any CPU
		{0B57AF1E-A975-4651-BB19-39DE84D3EDF8}.Release|Any CPU.Build.0 = Release|Any CPU
	EndGlobalSection
	GlobalSection(SolutionProperties) = preSolution
		HideSolutionNode = FALSE
	EndGlobalSection
	GlobalSection(ExtensibilityGlobals) = postSolution
		SolutionGuid = {AF4B1805-E0EC-4FB6-8BAE-79D9482AEE79}
	EndGlobalSection
EndGlobal
